
Microsoft Visual Studio Solution File, Format Version 12.00
# Visual Studio Version 17
VisualStudioVersion = 17.13.35825.156
MinimumVisualStudioVersion = 10.0.40219.1
Project("{2150E333-8FDC-42A3-9474-1A3956D46DE8}") = "Chapter01", "Chapter01", "{DDB4EF12-CC4E-5E88-E6FC-71A802F4DE97}"
EndProject
Project("{FAE04EC0-301F-11D3-BF4B-00C04F79EFBC}") = "ProductSample", "Chapter01\ProductSample\ProductSample.csproj", "{CFA92E49-2690-423B-AFEE-BC02FCA89E4F}"
EndProject
Project("{2150E333-8FDC-42A3-9474-1A3956D46DE8}") = "Chapter02", "Chapter02", "{42404C9E-C2BC-4C02-874A-58200692F80B}"
EndProject
Project("{FAE04EC0-301F-11D3-BF4B-00C04F79EFBC}") = "DistanceConverter", "Chapter02\DistanceConverter\DistanceConverter.csproj", "{995C6A59-6EB0-4E9B-93F2-D2A0832A233D}"
EndProject
Project("{2150E333-8FDC-42A3-9474-1A3956D46DE8}") = "演習問題", "演習問題", "{A372A5DF-C646-4D70-B71C-DD995FA02C70}"
EndProject
Project("{FAE04EC0-301F-11D3-BF4B-00C04F79EFBC}") = "Exercise02", "Chapter02\演習問題\Exercise02\Exercise02.csproj", "{A1A0E334-895C-4307-B85F-F87B4252FC74}"
EndProject
Project("{2150E333-8FDC-42A3-9474-1A3956D46DE8}") = "距離換算プログラム", "距離換算プログラム", "{EDF98507-7487-4366-B18C-857DDBD19BD1}"
EndProject
Project("{2150E333-8FDC-42A3-9474-1A3956D46DE8}") = "FormApps", "FormApps", "{30DB238D-A7B6-40EE-86A9-527D05CAF950}"
EndProject
Project("{FAE04EC0-301F-11D3-BF4B-00C04F79EFBC}") = "UnitConverter", "FormApps\UnitConverter\UnitConverter.csproj", "{44225D0C-48CB-4774-967D-BE470114FCC3}"
EndProject
Project("{FAE04EC0-301F-11D3-BF4B-00C04F79EFBC}") = "StopWatch", "FormApps\StopWatch\StopWatch.csproj", "{F25BDB3D-B3E3-4923-B416-0ACE3B19C8BC}"
EndProject
Project("{2150E333-8FDC-42A3-9474-1A3956D46DE8}") = "売り上げ集計プログラム", "売り上げ集計プログラム", "{15EFF71F-D34D-4553-ACB0-3D30D38A8E89}"
EndProject
Project("{FAE04EC0-301F-11D3-BF4B-00C04F79EFBC}") = "SalesCalculator", "Chapter02\SalesCalculator\SalesCalculator.csproj", "{4161E697-E2B5-404C-914B-74596BD803B7}"
EndProject
Project("{FAE04EC0-301F-11D3-BF4B-00C04F79EFBC}") = "Exercise01", "Chapter02\演習問題\Exercise01\Exercise01.csproj", "{F9E428EA-3138-4FBC-B15B-DA8A4C6F6B23}"
EndProject
Project("{2150E333-8FDC-42A3-9474-1A3956D46DE8}") = "Chapter03", "Chapter03", "{4B5094D5-531A-4BD0-A47D-E4E7CC0D979D}"
EndProject
Project("{FAE04EC0-301F-11D3-BF4B-00C04F79EFBC}") = "Section01", "Chapter03\Section01\Section01.csproj", "{A37102E0-E4A6-4C96-8CCE-5B7D49278E2B}"
EndProject
Project("{2150E333-8FDC-42A3-9474-1A3956D46DE8}") = "演習問題", "演習問題", "{D312C0A0-A4B5-4705-B554-0D0227DCE80D}"
EndProject
Project("{FAE04EC0-301F-11D3-BF4B-00C04F79EFBC}") = "Exercise02", "Chapter03\演習問題\Exercise02\Exercise02.csproj", "{14B86214-8F7D-4BE2-86EF-9EEDE47D384C}"
EndProject
Project("{FAE04EC0-301F-11D3-BF4B-00C04F79EFBC}") = "Section04", "Chapter03\Section04\Section04.csproj", "{0B597A4B-536A-4827-B0F5-85F0AF239356}"
EndProject
Project("{FAE04EC0-301F-11D3-BF4B-00C04F79EFBC}") = "Exercise01", "Chapter03\演習問題\Exercise01\Exercise01.csproj", "{25D04B7D-2C97-44B3-ADFB-95351993A58C}"
EndProject
Project("{2150E333-8FDC-42A3-9474-1A3956D46DE8}") = "Chapter04", "Chapter04", "{FC356A0B-E233-4B9A-98A8-F32D061A8453}"
EndProject
Project("{FAE04EC0-301F-11D3-BF4B-00C04F79EFBC}") = "Section04", "Chapter04\Section04\Section04.csproj", "{A0078E66-BBCC-4CDB-BC66-3250B2E3ADF3}"
EndProject
Project("{2150E333-8FDC-42A3-9474-1A3956D46DE8}") = "演習問題", "演習問題", "{AF797F50-3374-45FE-BAF8-E11714B35905}"
EndProject
Project("{FAE04EC0-301F-11D3-BF4B-00C04F79EFBC}") = "Exercise01", "Chapter04\演習問題\Exercise01\Exercise01.csproj", "{D60E48CB-52F6-4884-A570-645BEBA54904}"
EndProject
Global
	GlobalSection(SolutionConfigurationPlatforms) = preSolution
		Debug|Any CPU = Debug|Any CPU
		Release|Any CPU = Release|Any CPU
	EndGlobalSection
	GlobalSection(ProjectConfigurationPlatforms) = postSolution
		{CFA92E49-2690-423B-AFEE-BC02FCA89E4F}.Debug|Any CPU.ActiveCfg = Debug|Any CPU
		{CFA92E49-2690-423B-AFEE-BC02FCA89E4F}.Debug|Any CPU.Build.0 = Debug|Any CPU
		{CFA92E49-2690-423B-AFEE-BC02FCA89E4F}.Release|Any CPU.ActiveCfg = Release|Any CPU
		{CFA92E49-2690-423B-AFEE-BC02FCA89E4F}.Release|Any CPU.Build.0 = Release|Any CPU
		{995C6A59-6EB0-4E9B-93F2-D2A0832A233D}.Debug|Any CPU.ActiveCfg = Debug|Any CPU
		{995C6A59-6EB0-4E9B-93F2-D2A0832A233D}.Debug|Any CPU.Build.0 = Debug|Any CPU
		{995C6A59-6EB0-4E9B-93F2-D2A0832A233D}.Release|Any CPU.ActiveCfg = Release|Any CPU
		{995C6A59-6EB0-4E9B-93F2-D2A0832A233D}.Release|Any CPU.Build.0 = Release|Any CPU
		{A1A0E334-895C-4307-B85F-F87B4252FC74}.Debug|Any CPU.ActiveCfg = Debug|Any CPU
		{A1A0E334-895C-4307-B85F-F87B4252FC74}.Debug|Any CPU.Build.0 = Debug|Any CPU
		{A1A0E334-895C-4307-B85F-F87B4252FC74}.Release|Any CPU.ActiveCfg = Release|Any CPU
		{A1A0E334-895C-4307-B85F-F87B4252FC74}.Release|Any CPU.Build.0 = Release|Any CPU
		{44225D0C-48CB-4774-967D-BE470114FCC3}.Debug|Any CPU.ActiveCfg = Debug|Any CPU
		{44225D0C-48CB-4774-967D-BE470114FCC3}.Debug|Any CPU.Build.0 = Debug|Any CPU
		{44225D0C-48CB-4774-967D-BE470114FCC3}.Release|Any CPU.ActiveCfg = Release|Any CPU
		{44225D0C-48CB-4774-967D-BE470114FCC3}.Release|Any CPU.Build.0 = Release|Any CPU
		{F25BDB3D-B3E3-4923-B416-0ACE3B19C8BC}.Debug|Any CPU.ActiveCfg = Debug|Any CPU
		{F25BDB3D-B3E3-4923-B416-0ACE3B19C8BC}.Debug|Any CPU.Build.0 = Debug|Any CPU
		{F25BDB3D-B3E3-4923-B416-0ACE3B19C8BC}.Release|Any CPU.ActiveCfg = Release|Any CPU
		{F25BDB3D-B3E3-4923-B416-0ACE3B19C8BC}.Release|Any CPU.Build.0 = Release|Any CPU
		{4161E697-E2B5-404C-914B-74596BD803B7}.Debug|Any CPU.ActiveCfg = Debug|Any CPU
		{4161E697-E2B5-404C-914B-74596BD803B7}.Debug|Any CPU.Build.0 = Debug|Any CPU
		{4161E697-E2B5-404C-914B-74596BD803B7}.Release|Any CPU.ActiveCfg = Release|Any CPU
		{4161E697-E2B5-404C-914B-74596BD803B7}.Release|Any CPU.Build.0 = Release|Any CPU
		{F9E428EA-3138-4FBC-B15B-DA8A4C6F6B23}.Debug|Any CPU.ActiveCfg = Debug|Any CPU
		{F9E428EA-3138-4FBC-B15B-DA8A4C6F6B23}.Debug|Any CPU.Build.0 = Debug|Any CPU
		{F9E428EA-3138-4FBC-B15B-DA8A4C6F6B23}.Release|Any CPU.ActiveCfg = Release|Any CPU
		{F9E428EA-3138-4FBC-B15B-DA8A4C6F6B23}.Release|Any CPU.Build.0 = Release|Any CPU
		{A37102E0-E4A6-4C96-8CCE-5B7D49278E2B}.Debug|Any CPU.ActiveCfg = Debug|Any CPU
		{A37102E0-E4A6-4C96-8CCE-5B7D49278E2B}.Debug|Any CPU.Build.0 = Debug|Any CPU
		{A37102E0-E4A6-4C96-8CCE-5B7D49278E2B}.Release|Any CPU.ActiveCfg = Release|Any CPU
		{A37102E0-E4A6-4C96-8CCE-5B7D49278E2B}.Release|Any CPU.Build.0 = Release|Any CPU
		{14B86214-8F7D-4BE2-86EF-9EEDE47D384C}.Debug|Any CPU.ActiveCfg = Debug|Any CPU
		{14B86214-8F7D-4BE2-86EF-9EEDE47D384C}.Debug|Any CPU.Build.0 = Debug|Any CPU
		{14B86214-8F7D-4BE2-86EF-9EEDE47D384C}.Release|Any CPU.ActiveCfg = Release|Any CPU
		{14B86214-8F7D-4BE2-86EF-9EEDE47D384C}.Release|Any CPU.Build.0 = Release|Any CPU
		{0B597A4B-536A-4827-B0F5-85F0AF239356}.Debug|Any CPU.ActiveCfg = Debug|Any CPU
		{0B597A4B-536A-4827-B0F5-85F0AF239356}.Debug|Any CPU.Build.0 = Debug|Any CPU
		{0B597A4B-536A-4827-B0F5-85F0AF239356}.Release|Any CPU.ActiveCfg = Release|Any CPU
		{0B597A4B-536A-4827-B0F5-85F0AF239356}.Release|Any CPU.Build.0 = Release|Any CPU
		{25D04B7D-2C97-44B3-ADFB-95351993A58C}.Debug|Any CPU.ActiveCfg = Debug|Any CPU
		{25D04B7D-2C97-44B3-ADFB-95351993A58C}.Debug|Any CPU.Build.0 = Debug|Any CPU
		{25D04B7D-2C97-44B3-ADFB-95351993A58C}.Release|Any CPU.ActiveCfg = Release|Any CPU
		{25D04B7D-2C97-44B3-ADFB-95351993A58C}.Release|Any CPU.Build.0 = Release|Any CPU
		{A0078E66-BBCC-4CDB-BC66-3250B2E3ADF3}.Debug|Any CPU.ActiveCfg = Debug|Any CPU
		{A0078E66-BBCC-4CDB-BC66-3250B2E3ADF3}.Debug|Any CPU.Build.0 = Debug|Any CPU
		{A0078E66-BBCC-4CDB-BC66-3250B2E3ADF3}.Release|Any CPU.ActiveCfg = Release|Any CPU
		{A0078E66-BBCC-4CDB-BC66-3250B2E3ADF3}.Release|Any CPU.Build.0 = Release|Any CPU
		{D60E48CB-52F6-4884-A570-645BEBA54904}.Debug|Any CPU.ActiveCfg = Debug|Any CPU
		{D60E48CB-52F6-4884-A570-645BEBA54904}.Debug|Any CPU.Build.0 = Debug|Any CPU
		{D60E48CB-52F6-4884-A570-645BEBA54904}.Release|Any CPU.ActiveCfg = Release|Any CPU
		{D60E48CB-52F6-4884-A570-645BEBA54904}.Release|Any CPU.Build.0 = Release|Any CPU
	EndGlobalSection
	GlobalSection(SolutionProperties) = preSolution
		HideSolutionNode = FALSE
	EndGlobalSection
	GlobalSection(NestedProjects) = preSolution
		{CFA92E49-2690-423B-AFEE-BC02FCA89E4F} = {DDB4EF12-CC4E-5E88-E6FC-71A802F4DE97}
		{995C6A59-6EB0-4E9B-93F2-D2A0832A233D} = {EDF98507-7487-4366-B18C-857DDBD19BD1}
		{A372A5DF-C646-4D70-B71C-DD995FA02C70} = {42404C9E-C2BC-4C02-874A-58200692F80B}
		{A1A0E334-895C-4307-B85F-F87B4252FC74} = {A372A5DF-C646-4D70-B71C-DD995FA02C70}
		{EDF98507-7487-4366-B18C-857DDBD19BD1} = {42404C9E-C2BC-4C02-874A-58200692F80B}
		{44225D0C-48CB-4774-967D-BE470114FCC3} = {30DB238D-A7B6-40EE-86A9-527D05CAF950}
		{F25BDB3D-B3E3-4923-B416-0ACE3B19C8BC} = {30DB238D-A7B6-40EE-86A9-527D05CAF950}
		{15EFF71F-D34D-4553-ACB0-3D30D38A8E89} = {42404C9E-C2BC-4C02-874A-58200692F80B}
		{4161E697-E2B5-404C-914B-74596BD803B7} = {15EFF71F-D34D-4553-ACB0-3D30D38A8E89}
		{F9E428EA-3138-4FBC-B15B-DA8A4C6F6B23} = {A372A5DF-C646-4D70-B71C-DD995FA02C70}
		{A37102E0-E4A6-4C96-8CCE-5B7D49278E2B} = {4B5094D5-531A-4BD0-A47D-E4E7CC0D979D}
		{D312C0A0-A4B5-4705-B554-0D0227DCE80D} = {4B5094D5-531A-4BD0-A47D-E4E7CC0D979D}
		{14B86214-8F7D-4BE2-86EF-9EEDE47D384C} = {D312C0A0-A4B5-4705-B554-0D0227DCE80D}
		{0B597A4B-536A-4827-B0F5-85F0AF239356} = {4B5094D5-531A-4BD0-A47D-E4E7CC0D979D}
		{25D04B7D-2C97-44B3-ADFB-95351993A58C} = {D312C0A0-A4B5-4705-B554-0D0227DCE80D}
		{A0078E66-BBCC-4CDB-BC66-3250B2E3ADF3} = {FC356A0B-E233-4B9A-98A8-F32D061A8453}
		{AF797F50-3374-45FE-BAF8-E11714B35905} = {FC356A0B-E233-4B9A-98A8-F32D061A8453}
		{D60E48CB-52F6-4884-A570-645BEBA54904} = {AF797F50-3374-45FE-BAF8-E11714B35905}
	EndGlobalSection
	GlobalSection(ExtensibilityGlobals) = postSolution
		SolutionGuid = {9578B4DF-3D44-4525-A845-4DDEA0661CA5}
	EndGlobalSection
EndGlobal
