
Microsoft Visual Studio Solution File, Format Version 12.00
# Visual Studio Version 17
VisualStudioVersion = 17.13.35825.156
MinimumVisualStudioVersion = 10.0.40219.1
Project("{2150E333-8FDC-42A3-9474-1A3956D46DE8}") = "Chapter01", "Chapter01", "{DDB4EF12-CC4E-5E88-E6FC-71A802F4DE97}"
EndProject
Project("{FAE04EC0-301F-11D3-BF4B-00C04F79EFBC}") = "ProductSample", "Chapter01\ProductSample\ProductSample.csproj", "{CFA92E49-2690-423B-AFEE-BC02FCA89E4F}"
EndProject
Project("{2150E333-8FDC-42A3-9474-1A3956D46DE8}") = "Chapter02", "Chapter02", "{42404C9E-C2BC-4C02-874A-58200692F80B}"
EndProject
Project("{FAE04EC0-301F-11D3-BF4B-00C04F79EFBC}") = "DistanceConverter", "Chapter02\DistanceConverter\DistanceConverter.csproj", "{995C6A59-6EB0-4E9B-93F2-D2A0832A233D}"
EndProject
Project("{2150E333-8FDC-42A3-9474-1A3956D46DE8}") = "演習問題", "演習問題", "{A372A5DF-C646-4D70-B71C-DD995FA02C70}"
EndProject
Project("{FAE04EC0-301F-11D3-BF4B-00C04F79EFBC}") = "Exercise02", "Chapter02\演習問題\Exercise02\Exercise02.csproj", "{A1A0E334-895C-4307-B85F-F87B4252FC74}"
EndProject
Project("{2150E333-8FDC-42A3-9474-1A3956D46DE8}") = "距離換算プログラム", "距離換算プログラム", "{EDF98507-7487-4366-B18C-857DDBD19BD1}"
EndProject
Project("{2150E333-8FDC-42A3-9474-1A3956D46DE8}") = "FormApps", "FormApps", "{30DB238D-A7B6-40EE-86A9-527D05CAF950}"
EndProject
Project("{FAE04EC0-301F-11D3-BF4B-00C04F79EFBC}") = "UnitConverter", "FormApps\UnitConverter\UnitConverter.csproj", "{44225D0C-48CB-4774-967D-BE470114FCC3}"
EndProject
Project("{FAE04EC0-301F-11D3-BF4B-00C04F79EFBC}") = "StopWatch", "FormApps\StopWatch\StopWatch.csproj", "{F25BDB3D-B3E3-4923-B416-0ACE3B19C8BC}"
EndProject
Project("{2150E333-8FDC-42A3-9474-1A3956D46DE8}") = "売り上げ集計プログラム", "売り上げ集計プログラム", "{15EFF71F-D34D-4553-ACB0-3D30D38A8E89}"
EndProject
Project("{FAE04EC0-301F-11D3-BF4B-00C04F79EFBC}") = "SalesCalculator", "Chapter02\SalesCalculator\SalesCalculator.csproj", "{4161E697-E2B5-404C-914B-74596BD803B7}"
EndProject
Project("{FAE04EC0-301F-11D3-BF4B-00C04F79EFBC}") = "Exercise01", "Chapter02\演習問題\Exercise01\Exercise01.csproj", "{F9E428EA-3138-4FBC-B15B-DA8A4C6F6B23}"
EndProject
Project("{2150E333-8FDC-42A3-9474-1A3956D46DE8}") = "Chapter03", "Chapter03", "{4B5094D5-531A-4BD0-A47D-E4E7CC0D979D}"
EndProject
Project("{FAE04EC0-301F-11D3-BF4B-00C04F79EFBC}") = "Section01", "Chapter03\Section01\Section01.csproj", "{A37102E0-E4A6-4C96-8CCE-5B7D49278E2B}"
EndProject
Project("{2150E333-8FDC-42A3-9474-1A3956D46DE8}") = "演習問題", "演習問題", "{D312C0A0-A4B5-4705-B554-0D0227DCE80D}"
EndProject
Project("{FAE04EC0-301F-11D3-BF4B-00C04F79EFBC}") = "Exercise02", "Chapter03\演習問題\Exercise02\Exercise02.csproj", "{14B86214-8F7D-4BE2-86EF-9EEDE47D384C}"
EndProject
Project("{FAE04EC0-301F-11D3-BF4B-00C04F79EFBC}") = "Section04", "Chapter03\Section04\Section04.csproj", "{0B597A4B-536A-4827-B0F5-85F0AF239356}"
EndProject
Project("{FAE04EC0-301F-11D3-BF4B-00C04F79EFBC}") = "Exercise01", "Chapter03\演習問題\Exercise01\Exercise01.csproj", "{25D04B7D-2C97-44B3-ADFB-95351993A58C}"
EndProject
Project("{2150E333-8FDC-42A3-9474-1A3956D46DE8}") = "Chapter04", "Chapter04", "{FC356A0B-E233-4B9A-98A8-F32D061A8453}"
EndProject
Project("{FAE04EC0-301F-11D3-BF4B-00C04F79EFBC}") = "Section04", "Chapter04\Section04\Section04.csproj", "{A0078E66-BBCC-4CDB-BC66-3250B2E3ADF3}"
EndProject
Project("{2150E333-8FDC-42A3-9474-1A3956D46DE8}") = "演習問題", "演習問題", "{AF797F50-3374-45FE-BAF8-E11714B35905}"
EndProject
Project("{FAE04EC0-301F-11D3-BF4B-00C04F79EFBC}") = "Exercise01", "Chapter04\演習問題\Exercise01\Exercise01.csproj", "{D60E48CB-52F6-4884-A570-645BEBA54904}"
EndProject
Project("{FAE04EC0-301F-11D3-BF4B-00C04F79EFBC}") = "Exercise02", "Chapter04\演習問題\Exercise02\Exercise02.csproj", "{3D526B04-5E94-439F-8D3F-1C8C474C339B}"
EndProject
Project("{2150E333-8FDC-42A3-9474-1A3956D46DE8}") = "LINQ", "LINQ", "{D4C72D04-A7ED-4757-85EF-8D12AB6BDBC8}"
EndProject
Project("{FAE04EC0-301F-11D3-BF4B-00C04F79EFBC}") = "LinqSample", "LINQ\LinqSample\LinqSample.csproj", "{BFEADFA2-AF4A-4A5A-A66D-84B47D976DA9}"
EndProject
Project("{2150E333-8FDC-42A3-9474-1A3956D46DE8}") = "Chapter07", "Chapter07", "{7C8BE4A8-4236-4B46-8DAF-97E757D612ED}"
EndProject
Project("{2150E333-8FDC-42A3-9474-1A3956D46DE8}") = "演習問題", "演習問題", "{AC98617D-107A-42B5-96F2-3AD37D96FA18}"
EndProject
Project("{FAE04EC0-301F-11D3-BF4B-00C04F79EFBC}") = "Exercise01", "Chapter07\演習問題\Exercise01\Exercise01.csproj", "{51442287-EB3E-4C99-8288-0E4A7B9FC5E8}"
EndProject
Project("{FAE04EC0-301F-11D3-BF4B-00C04F79EFBC}") = "Section01", "Chapter07\Section01\Section01.csproj", "{A6B42ABF-9488-4983-9E4D-ED72A0135387}"
EndProject
Project("{FAE04EC0-301F-11D3-BF4B-00C04F79EFBC}") = "Section05", "Chapter07\Section05\Section05.csproj", "{57B75702-39F0-47A5-BBAD-9FE350237950}"
EndProject
Project("{FAE04EC0-301F-11D3-BF4B-00C04F79EFBC}") = "Exercise02", "Chapter07\演習問題\Exercise02\Exercise02.csproj", "{D227D3F3-6091-4EA2-993A-D3CD4B1ACDE1}"
EndProject
Project("{2150E333-8FDC-42A3-9474-1A3956D46DE8}") = "Chapter06", "Chapter06", "{920CA899-D4D0-4482-92FE-19AF8FD4ECB6}"
EndProject
Project("{2150E333-8FDC-42A3-9474-1A3956D46DE8}") = "演習問題", "演習問題", "{6CE60892-947F-456C-819B-F76A2138215A}"
EndProject
Project("{FAE04EC0-301F-11D3-BF4B-00C04F79EFBC}") = "Exercise01", "Chapter06\演習問題\Exercise01\Exercise01.csproj", "{6DD25AC1-4FF5-4EBC-A9AF-FB5DF78ED55C}"
EndProject
Project("{FAE04EC0-301F-11D3-BF4B-00C04F79EFBC}") = "Section01", "Chapter06\Section01\Section01.csproj", "{3335CE0C-7322-4559-A041-6A3B6FBD495B}"
EndProject
Project("{FAE04EC0-301F-11D3-BF4B-00C04F79EFBC}") = "Exercise03", "Chapter06\演習問題\Exercise03\Exercise03.csproj", "{B0B6AEA3-7B63-4435-95DA-190ECA812680}"
EndProject
Project("{FAE04EC0-301F-11D3-BF4B-00C04F79EFBC}") = "Exercise04", "Chapter06\演習問題\Exercise04\Exercise04.csproj", "{8758FBDB-9295-0DA5-31B6-DA01667F06FB}"
EndProject
Project("{FAE04EC0-301F-11D3-BF4B-00C04F79EFBC}") = "Section03", "Chapter06\Section03\Section03.csproj", "{A3C17B7D-6691-46A9-860D-AAA6391A5D48}"
EndProject
Project("{2150E333-8FDC-42A3-9474-1A3956D46DE8}") = "Chapter05", "Chapter05", "{E5107979-8A92-46DB-8C0E-084A17DC9B86}"
EndProject
Project("{2150E333-8FDC-42A3-9474-1A3956D46DE8}") = "演習問題", "演習問題", "{0A8E974F-C20D-4A57-99F6-0CC31F7BECDD}"
EndProject
Project("{FAE04EC0-301F-11D3-BF4B-00C04F79EFBC}") = "Section01", "Chapter05\Section01\Section01.csproj", "{137F016A-3539-475F-876A-D6A4EC3A1697}"
EndProject
Project("{FAE04EC0-301F-11D3-BF4B-00C04F79EFBC}") = "Section02", "Chapter05\Section02\Section02.csproj", "{55A9B237-2B51-4008-8595-973A699673B1}"
EndProject
Project("{FAE04EC0-301F-11D3-BF4B-00C04F79EFBC}") = "Exercise01", "Chapter05\演習問題\Exercise01\Exercise01.csproj", "{34A61D71-E44F-4C13-B519-8C4EB1AE733F}"
EndProject
Project("{FAE04EC0-301F-11D3-BF4B-00C04F79EFBC}") = "Exercise02", "Chapter05\演習問題\Exercise02\Exercise02.csproj", "{784C6E05-C45C-47AA-81F3-0C25480DB478}"
EndProject
Project("{2150E333-8FDC-42A3-9474-1A3956D46DE8}") = "Chapter08", "Chapter08", "{04EA0FD4-CAD0-4B01-B4E0-9DCD2B517822}"
EndProject
Project("{2150E333-8FDC-42A3-9474-1A3956D46DE8}") = "演習問題", "演習問題", "{3BC2606D-0534-4BF3-AB08-90F5B8AF5D7A}"
EndProject
Project("{FAE04EC0-301F-11D3-BF4B-00C04F79EFBC}") = "Exercise01", "Chapter08\演習問題\Exercise01\Exercise01.csproj", "{0C981FE5-169E-4F4E-A5CE-A880214CEB6B}"
EndProject
Project("{FAE04EC0-301F-11D3-BF4B-00C04F79EFBC}") = "PrefCapitalLocationSystem", "Chapter08\PrefCapitalLocationSystem\PrefCapitalLocationSystem.csproj", "{BA3B5C5E-D6A4-39ED-6760-036CDB62E249}"
EndProject
Project("{FAE04EC0-301F-11D3-BF4B-00C04F79EFBC}") = "Section03", "Chapter08\Section03\Section03.csproj", "{F7196916-9449-4C5E-98B9-42078FDAB06C}"
EndProject
Project("{FAE04EC0-301F-11D3-BF4B-00C04F79EFBC}") = "Exercise02", "Chapter08\演習問題\Exercise02\Exercise02.csproj", "{78796608-2DCF-48E5-8AEA-18A15C7FE63E}"
EndProject
Project("{2150E333-8FDC-42A3-9474-1A3956D46DE8}") = "Test01", "Test01", "{01B2AE4D-4F5D-4B5B-8E4D-810473B808B1}"
EndProject
Project("{FAE04EC0-301F-11D3-BF4B-00C04F79EFBC}") = "Test01", "Test01\Test01\Test01.csproj", "{6EF7678A-A725-F430-3097-30F090C0100A}"
EndProject
Project("{FAE04EC0-301F-11D3-BF4B-00C04F79EFBC}") = "Test02", "Test01\Test02\Test02.csproj", "{010D0C11-D6A2-3CA6-3281-4E0FD547EC2D}"
EndProject
Global
	GlobalSection(SolutionConfigurationPlatforms) = preSolution
		Debug|Any CPU = Debug|Any CPU
		Release|Any CPU = Release|Any CPU
	EndGlobalSection
	GlobalSection(ProjectConfigurationPlatforms) = postSolution
		{CFA92E49-2690-423B-AFEE-BC02FCA89E4F}.Debug|Any CPU.ActiveCfg = Debug|Any CPU
		{CFA92E49-2690-423B-AFEE-BC02FCA89E4F}.Debug|Any CPU.Build.0 = Debug|Any CPU
		{CFA92E49-2690-423B-AFEE-BC02FCA89E4F}.Release|Any CPU.ActiveCfg = Release|Any CPU
		{CFA92E49-2690-423B-AFEE-BC02FCA89E4F}.Release|Any CPU.Build.0 = Release|Any CPU
		{995C6A59-6EB0-4E9B-93F2-D2A0832A233D}.Debug|Any CPU.ActiveCfg = Debug|Any CPU
		{995C6A59-6EB0-4E9B-93F2-D2A0832A233D}.Debug|Any CPU.Build.0 = Debug|Any CPU
		{995C6A59-6EB0-4E9B-93F2-D2A0832A233D}.Release|Any CPU.ActiveCfg = Release|Any CPU
		{995C6A59-6EB0-4E9B-93F2-D2A0832A233D}.Release|Any CPU.Build.0 = Release|Any CPU
		{A1A0E334-895C-4307-B85F-F87B4252FC74}.Debug|Any CPU.ActiveCfg = Debug|Any CPU
		{A1A0E334-895C-4307-B85F-F87B4252FC74}.Debug|Any CPU.Build.0 = Debug|Any CPU
		{A1A0E334-895C-4307-B85F-F87B4252FC74}.Release|Any CPU.ActiveCfg = Release|Any CPU
		{A1A0E334-895C-4307-B85F-F87B4252FC74}.Release|Any CPU.Build.0 = Release|Any CPU
		{44225D0C-48CB-4774-967D-BE470114FCC3}.Debug|Any CPU.ActiveCfg = Debug|Any CPU
		{44225D0C-48CB-4774-967D-BE470114FCC3}.Debug|Any CPU.Build.0 = Debug|Any CPU
		{44225D0C-48CB-4774-967D-BE470114FCC3}.Release|Any CPU.ActiveCfg = Release|Any CPU
		{44225D0C-48CB-4774-967D-BE470114FCC3}.Release|Any CPU.Build.0 = Release|Any CPU
		{F25BDB3D-B3E3-4923-B416-0ACE3B19C8BC}.Debug|Any CPU.ActiveCfg = Debug|Any CPU
		{F25BDB3D-B3E3-4923-B416-0ACE3B19C8BC}.Debug|Any CPU.Build.0 = Debug|Any CPU
		{F25BDB3D-B3E3-4923-B416-0ACE3B19C8BC}.Release|Any CPU.ActiveCfg = Release|Any CPU
		{F25BDB3D-B3E3-4923-B416-0ACE3B19C8BC}.Release|Any CPU.Build.0 = Release|Any CPU
		{4161E697-E2B5-404C-914B-74596BD803B7}.Debug|Any CPU.ActiveCfg = Debug|Any CPU
		{4161E697-E2B5-404C-914B-74596BD803B7}.Debug|Any CPU.Build.0 = Debug|Any CPU
		{4161E697-E2B5-404C-914B-74596BD803B7}.Release|Any CPU.ActiveCfg = Release|Any CPU
		{4161E697-E2B5-404C-914B-74596BD803B7}.Release|Any CPU.Build.0 = Release|Any CPU
		{F9E428EA-3138-4FBC-B15B-DA8A4C6F6B23}.Debug|Any CPU.ActiveCfg = Debug|Any CPU
		{F9E428EA-3138-4FBC-B15B-DA8A4C6F6B23}.Debug|Any CPU.Build.0 = Debug|Any CPU
		{F9E428EA-3138-4FBC-B15B-DA8A4C6F6B23}.Release|Any CPU.ActiveCfg = Release|Any CPU
		{F9E428EA-3138-4FBC-B15B-DA8A4C6F6B23}.Release|Any CPU.Build.0 = Release|Any CPU
		{A37102E0-E4A6-4C96-8CCE-5B7D49278E2B}.Debug|Any CPU.ActiveCfg = Debug|Any CPU
		{A37102E0-E4A6-4C96-8CCE-5B7D49278E2B}.Debug|Any CPU.Build.0 = Debug|Any CPU
		{A37102E0-E4A6-4C96-8CCE-5B7D49278E2B}.Release|Any CPU.ActiveCfg = Release|Any CPU
		{A37102E0-E4A6-4C96-8CCE-5B7D49278E2B}.Release|Any CPU.Build.0 = Release|Any CPU
		{14B86214-8F7D-4BE2-86EF-9EEDE47D384C}.Debug|Any CPU.ActiveCfg = Debug|Any CPU
		{14B86214-8F7D-4BE2-86EF-9EEDE47D384C}.Debug|Any CPU.Build.0 = Debug|Any CPU
		{14B86214-8F7D-4BE2-86EF-9EEDE47D384C}.Release|Any CPU.ActiveCfg = Release|Any CPU
		{14B86214-8F7D-4BE2-86EF-9EEDE47D384C}.Release|Any CPU.Build.0 = Release|Any CPU
		{0B597A4B-536A-4827-B0F5-85F0AF239356}.Debug|Any CPU.ActiveCfg = Debug|Any CPU
		{0B597A4B-536A-4827-B0F5-85F0AF239356}.Debug|Any CPU.Build.0 = Debug|Any CPU
		{0B597A4B-536A-4827-B0F5-85F0AF239356}.Release|Any CPU.ActiveCfg = Release|Any CPU
		{0B597A4B-536A-4827-B0F5-85F0AF239356}.Release|Any CPU.Build.0 = Release|Any CPU
		{25D04B7D-2C97-44B3-ADFB-95351993A58C}.Debug|Any CPU.ActiveCfg = Debug|Any CPU
		{25D04B7D-2C97-44B3-ADFB-95351993A58C}.Debug|Any CPU.Build.0 = Debug|Any CPU
		{25D04B7D-2C97-44B3-ADFB-95351993A58C}.Release|Any CPU.ActiveCfg = Release|Any CPU
		{25D04B7D-2C97-44B3-ADFB-95351993A58C}.Release|Any CPU.Build.0 = Release|Any CPU
		{A0078E66-BBCC-4CDB-BC66-3250B2E3ADF3}.Debug|Any CPU.ActiveCfg = Debug|Any CPU
		{A0078E66-BBCC-4CDB-BC66-3250B2E3ADF3}.Debug|Any CPU.Build.0 = Debug|Any CPU
		{A0078E66-BBCC-4CDB-BC66-3250B2E3ADF3}.Release|Any CPU.ActiveCfg = Release|Any CPU
		{A0078E66-BBCC-4CDB-BC66-3250B2E3ADF3}.Release|Any CPU.Build.0 = Release|Any CPU
		{D60E48CB-52F6-4884-A570-645BEBA54904}.Debug|Any CPU.ActiveCfg = Debug|Any CPU
		{D60E48CB-52F6-4884-A570-645BEBA54904}.Debug|Any CPU.Build.0 = Debug|Any CPU
		{D60E48CB-52F6-4884-A570-645BEBA54904}.Release|Any CPU.ActiveCfg = Release|Any CPU
		{D60E48CB-52F6-4884-A570-645BEBA54904}.Release|Any CPU.Build.0 = Release|Any CPU
		{3D526B04-5E94-439F-8D3F-1C8C474C339B}.Debug|Any CPU.ActiveCfg = Debug|Any CPU
		{3D526B04-5E94-439F-8D3F-1C8C474C339B}.Debug|Any CPU.Build.0 = Debug|Any CPU
		{3D526B04-5E94-439F-8D3F-1C8C474C339B}.Release|Any CPU.ActiveCfg = Release|Any CPU
		{3D526B04-5E94-439F-8D3F-1C8C474C339B}.Release|Any CPU.Build.0 = Release|Any CPU
		{BFEADFA2-AF4A-4A5A-A66D-84B47D976DA9}.Debug|Any CPU.ActiveCfg = Debug|Any CPU
		{BFEADFA2-AF4A-4A5A-A66D-84B47D976DA9}.Debug|Any CPU.Build.0 = Debug|Any CPU
		{BFEADFA2-AF4A-4A5A-A66D-84B47D976DA9}.Release|Any CPU.ActiveCfg = Release|Any CPU
		{BFEADFA2-AF4A-4A5A-A66D-84B47D976DA9}.Release|Any CPU.Build.0 = Release|Any CPU
		{51442287-EB3E-4C99-8288-0E4A7B9FC5E8}.Debug|Any CPU.ActiveCfg = Debug|Any CPU
		{51442287-EB3E-4C99-8288-0E4A7B9FC5E8}.Debug|Any CPU.Build.0 = Debug|Any CPU
		{51442287-EB3E-4C99-8288-0E4A7B9FC5E8}.Release|Any CPU.ActiveCfg = Release|Any CPU
		{51442287-EB3E-4C99-8288-0E4A7B9FC5E8}.Release|Any CPU.Build.0 = Release|Any CPU
		{A6B42ABF-9488-4983-9E4D-ED72A0135387}.Debug|Any CPU.ActiveCfg = Debug|Any CPU
		{A6B42ABF-9488-4983-9E4D-ED72A0135387}.Debug|Any CPU.Build.0 = Debug|Any CPU
		{A6B42ABF-9488-4983-9E4D-ED72A0135387}.Release|Any CPU.ActiveCfg = Release|Any CPU
		{A6B42ABF-9488-4983-9E4D-ED72A0135387}.Release|Any CPU.Build.0 = Release|Any CPU
		{57B75702-39F0-47A5-BBAD-9FE350237950}.Debug|Any CPU.ActiveCfg = Debug|Any CPU
		{57B75702-39F0-47A5-BBAD-9FE350237950}.Debug|Any CPU.Build.0 = Debug|Any CPU
		{57B75702-39F0-47A5-BBAD-9FE350237950}.Release|Any CPU.ActiveCfg = Release|Any CPU
		{57B75702-39F0-47A5-BBAD-9FE350237950}.Release|Any CPU.Build.0 = Release|Any CPU
		{D227D3F3-6091-4EA2-993A-D3CD4B1ACDE1}.Debug|Any CPU.ActiveCfg = Debug|Any CPU
		{D227D3F3-6091-4EA2-993A-D3CD4B1ACDE1}.Debug|Any CPU.Build.0 = Debug|Any CPU
		{D227D3F3-6091-4EA2-993A-D3CD4B1ACDE1}.Release|Any CPU.ActiveCfg = Release|Any CPU
		{D227D3F3-6091-4EA2-993A-D3CD4B1ACDE1}.Release|Any CPU.Build.0 = Release|Any CPU
		{6DD25AC1-4FF5-4EBC-A9AF-FB5DF78ED55C}.Debug|Any CPU.ActiveCfg = Debug|Any CPU
		{6DD25AC1-4FF5-4EBC-A9AF-FB5DF78ED55C}.Debug|Any CPU.Build.0 = Debug|Any CPU
		{6DD25AC1-4FF5-4EBC-A9AF-FB5DF78ED55C}.Release|Any CPU.ActiveCfg = Release|Any CPU
		{6DD25AC1-4FF5-4EBC-A9AF-FB5DF78ED55C}.Release|Any CPU.Build.0 = Release|Any CPU
		{3335CE0C-7322-4559-A041-6A3B6FBD495B}.Debug|Any CPU.ActiveCfg = Debug|Any CPU
		{3335CE0C-7322-4559-A041-6A3B6FBD495B}.Debug|Any CPU.Build.0 = Debug|Any CPU
		{3335CE0C-7322-4559-A041-6A3B6FBD495B}.Release|Any CPU.ActiveCfg = Release|Any CPU
		{3335CE0C-7322-4559-A041-6A3B6FBD495B}.Release|Any CPU.Build.0 = Release|Any CPU
		{B0B6AEA3-7B63-4435-95DA-190ECA812680}.Debug|Any CPU.ActiveCfg = Debug|Any CPU
		{B0B6AEA3-7B63-4435-95DA-190ECA812680}.Debug|Any CPU.Build.0 = Debug|Any CPU
		{B0B6AEA3-7B63-4435-95DA-190ECA812680}.Release|Any CPU.ActiveCfg = Release|Any CPU
		{B0B6AEA3-7B63-4435-95DA-190ECA812680}.Release|Any CPU.Build.0 = Release|Any CPU
		{8758FBDB-9295-0DA5-31B6-DA01667F06FB}.Debug|Any CPU.ActiveCfg = Debug|Any CPU
		{8758FBDB-9295-0DA5-31B6-DA01667F06FB}.Debug|Any CPU.Build.0 = Debug|Any CPU
		{8758FBDB-9295-0DA5-31B6-DA01667F06FB}.Release|Any CPU.ActiveCfg = Release|Any CPU
		{8758FBDB-9295-0DA5-31B6-DA01667F06FB}.Release|Any CPU.Build.0 = Release|Any CPU
		{A3C17B7D-6691-46A9-860D-AAA6391A5D48}.Debug|Any CPU.ActiveCfg = Debug|Any CPU
		{A3C17B7D-6691-46A9-860D-AAA6391A5D48}.Debug|Any CPU.Build.0 = Debug|Any CPU
		{A3C17B7D-6691-46A9-860D-AAA6391A5D48}.Release|Any CPU.ActiveCfg = Release|Any CPU
		{A3C17B7D-6691-46A9-860D-AAA6391A5D48}.Release|Any CPU.Build.0 = Release|Any CPU
		{137F016A-3539-475F-876A-D6A4EC3A1697}.Debug|Any CPU.ActiveCfg = Debug|Any CPU
		{137F016A-3539-475F-876A-D6A4EC3A1697}.Debug|Any CPU.Build.0 = Debug|Any CPU
		{137F016A-3539-475F-876A-D6A4EC3A1697}.Release|Any CPU.ActiveCfg = Release|Any CPU
		{137F016A-3539-475F-876A-D6A4EC3A1697}.Release|Any CPU.Build.0 = Release|Any CPU
		{55A9B237-2B51-4008-8595-973A699673B1}.Debug|Any CPU.ActiveCfg = Debug|Any CPU
		{55A9B237-2B51-4008-8595-973A699673B1}.Debug|Any CPU.Build.0 = Debug|Any CPU
		{55A9B237-2B51-4008-8595-973A699673B1}.Release|Any CPU.ActiveCfg = Release|Any CPU
		{55A9B237-2B51-4008-8595-973A699673B1}.Release|Any CPU.Build.0 = Release|Any CPU
		{34A61D71-E44F-4C13-B519-8C4EB1AE733F}.Debug|Any CPU.ActiveCfg = Debug|Any CPU
		{34A61D71-E44F-4C13-B519-8C4EB1AE733F}.Debug|Any CPU.Build.0 = Debug|Any CPU
		{34A61D71-E44F-4C13-B519-8C4EB1AE733F}.Release|Any CPU.ActiveCfg = Release|Any CPU
		{34A61D71-E44F-4C13-B519-8C4EB1AE733F}.Release|Any CPU.Build.0 = Release|Any CPU
		{784C6E05-C45C-47AA-81F3-0C25480DB478}.Debug|Any CPU.ActiveCfg = Debug|Any CPU
		{784C6E05-C45C-47AA-81F3-0C25480DB478}.Debug|Any CPU.Build.0 = Debug|Any CPU
		{784C6E05-C45C-47AA-81F3-0C25480DB478}.Release|Any CPU.ActiveCfg = Release|Any CPU
		{784C6E05-C45C-47AA-81F3-0C25480DB478}.Release|Any CPU.Build.0 = Release|Any CPU
		{0C981FE5-169E-4F4E-A5CE-A880214CEB6B}.Debug|Any CPU.ActiveCfg = Debug|Any CPU
		{0C981FE5-169E-4F4E-A5CE-A880214CEB6B}.Debug|Any CPU.Build.0 = Debug|Any CPU
		{0C981FE5-169E-4F4E-A5CE-A880214CEB6B}.Release|Any CPU.ActiveCfg = Release|Any CPU
		{0C981FE5-169E-4F4E-A5CE-A880214CEB6B}.Release|Any CPU.Build.0 = Release|Any CPU
		{BA3B5C5E-D6A4-39ED-6760-036CDB62E249}.Debug|Any CPU.ActiveCfg = Debug|Any CPU
		{BA3B5C5E-D6A4-39ED-6760-036CDB62E249}.Debug|Any CPU.Build.0 = Debug|Any CPU
		{BA3B5C5E-D6A4-39ED-6760-036CDB62E249}.Release|Any CPU.ActiveCfg = Release|Any CPU
		{BA3B5C5E-D6A4-39ED-6760-036CDB62E249}.Release|Any CPU.Build.0 = Release|Any CPU
		{F7196916-9449-4C5E-98B9-42078FDAB06C}.Debug|Any CPU.ActiveCfg = Debug|Any CPU
		{F7196916-9449-4C5E-98B9-42078FDAB06C}.Debug|Any CPU.Build.0 = Debug|Any CPU
		{F7196916-9449-4C5E-98B9-42078FDAB06C}.Release|Any CPU.ActiveCfg = Release|Any CPU
		{F7196916-9449-4C5E-98B9-42078FDAB06C}.Release|Any CPU.Build.0 = Release|Any CPU
		{78796608-2DCF-48E5-8AEA-18A15C7FE63E}.Debug|Any CPU.ActiveCfg = Debug|Any CPU
		{78796608-2DCF-48E5-8AEA-18A15C7FE63E}.Debug|Any CPU.Build.0 = Debug|Any CPU
		{78796608-2DCF-48E5-8AEA-18A15C7FE63E}.Release|Any CPU.ActiveCfg = Release|Any CPU
		{78796608-2DCF-48E5-8AEA-18A15C7FE63E}.Release|Any CPU.Build.0 = Release|Any CPU
		{6EF7678A-A725-F430-3097-30F090C0100A}.Debug|Any CPU.ActiveCfg = Debug|Any CPU
		{6EF7678A-A725-F430-3097-30F090C0100A}.Debug|Any CPU.Build.0 = Debug|Any CPU
		{6EF7678A-A725-F430-3097-30F090C0100A}.Release|Any CPU.ActiveCfg = Release|Any CPU
		{6EF7678A-A725-F430-3097-30F090C0100A}.Release|Any CPU.Build.0 = Release|Any CPU
		{010D0C11-D6A2-3CA6-3281-4E0FD547EC2D}.Debug|Any CPU.ActiveCfg = Debug|Any CPU
		{010D0C11-D6A2-3CA6-3281-4E0FD547EC2D}.Debug|Any CPU.Build.0 = Debug|Any CPU
		{010D0C11-D6A2-3CA6-3281-4E0FD547EC2D}.Release|Any CPU.ActiveCfg = Release|Any CPU
		{010D0C11-D6A2-3CA6-3281-4E0FD547EC2D}.Release|Any CPU.Build.0 = Release|Any CPU
	EndGlobalSection
	GlobalSection(SolutionProperties) = preSolution
		HideSolutionNode = FALSE
	EndGlobalSection
	GlobalSection(NestedProjects) = preSolution
		{CFA92E49-2690-423B-AFEE-BC02FCA89E4F} = {DDB4EF12-CC4E-5E88-E6FC-71A802F4DE97}
		{995C6A59-6EB0-4E9B-93F2-D2A0832A233D} = {EDF98507-7487-4366-B18C-857DDBD19BD1}
		{A372A5DF-C646-4D70-B71C-DD995FA02C70} = {42404C9E-C2BC-4C02-874A-58200692F80B}
		{A1A0E334-895C-4307-B85F-F87B4252FC74} = {A372A5DF-C646-4D70-B71C-DD995FA02C70}
		{EDF98507-7487-4366-B18C-857DDBD19BD1} = {42404C9E-C2BC-4C02-874A-58200692F80B}
		{44225D0C-48CB-4774-967D-BE470114FCC3} = {30DB238D-A7B6-40EE-86A9-527D05CAF950}
		{F25BDB3D-B3E3-4923-B416-0ACE3B19C8BC} = {30DB238D-A7B6-40EE-86A9-527D05CAF950}
		{15EFF71F-D34D-4553-ACB0-3D30D38A8E89} = {42404C9E-C2BC-4C02-874A-58200692F80B}
		{4161E697-E2B5-404C-914B-74596BD803B7} = {15EFF71F-D34D-4553-ACB0-3D30D38A8E89}
		{F9E428EA-3138-4FBC-B15B-DA8A4C6F6B23} = {A372A5DF-C646-4D70-B71C-DD995FA02C70}
		{A37102E0-E4A6-4C96-8CCE-5B7D49278E2B} = {4B5094D5-531A-4BD0-A47D-E4E7CC0D979D}
		{D312C0A0-A4B5-4705-B554-0D0227DCE80D} = {4B5094D5-531A-4BD0-A47D-E4E7CC0D979D}
		{14B86214-8F7D-4BE2-86EF-9EEDE47D384C} = {D312C0A0-A4B5-4705-B554-0D0227DCE80D}
		{0B597A4B-536A-4827-B0F5-85F0AF239356} = {4B5094D5-531A-4BD0-A47D-E4E7CC0D979D}
		{25D04B7D-2C97-44B3-ADFB-95351993A58C} = {D312C0A0-A4B5-4705-B554-0D0227DCE80D}
		{A0078E66-BBCC-4CDB-BC66-3250B2E3ADF3} = {FC356A0B-E233-4B9A-98A8-F32D061A8453}
		{AF797F50-3374-45FE-BAF8-E11714B35905} = {FC356A0B-E233-4B9A-98A8-F32D061A8453}
		{D60E48CB-52F6-4884-A570-645BEBA54904} = {AF797F50-3374-45FE-BAF8-E11714B35905}
		{3D526B04-5E94-439F-8D3F-1C8C474C339B} = {AF797F50-3374-45FE-BAF8-E11714B35905}
		{BFEADFA2-AF4A-4A5A-A66D-84B47D976DA9} = {D4C72D04-A7ED-4757-85EF-8D12AB6BDBC8}
		{AC98617D-107A-42B5-96F2-3AD37D96FA18} = {7C8BE4A8-4236-4B46-8DAF-97E757D612ED}
		{51442287-EB3E-4C99-8288-0E4A7B9FC5E8} = {AC98617D-107A-42B5-96F2-3AD37D96FA18}
		{A6B42ABF-9488-4983-9E4D-ED72A0135387} = {7C8BE4A8-4236-4B46-8DAF-97E757D612ED}
		{57B75702-39F0-47A5-BBAD-9FE350237950} = {7C8BE4A8-4236-4B46-8DAF-97E757D612ED}
		{D227D3F3-6091-4EA2-993A-D3CD4B1ACDE1} = {AC98617D-107A-42B5-96F2-3AD37D96FA18}
		{6CE60892-947F-456C-819B-F76A2138215A} = {920CA899-D4D0-4482-92FE-19AF8FD4ECB6}
		{6DD25AC1-4FF5-4EBC-A9AF-FB5DF78ED55C} = {6CE60892-947F-456C-819B-F76A2138215A}
		{3335CE0C-7322-4559-A041-6A3B6FBD495B} = {920CA899-D4D0-4482-92FE-19AF8FD4ECB6}
		{B0B6AEA3-7B63-4435-95DA-190ECA812680} = {6CE60892-947F-456C-819B-F76A2138215A}
		{8758FBDB-9295-0DA5-31B6-DA01667F06FB} = {6CE60892-947F-456C-819B-F76A2138215A}
		{A3C17B7D-6691-46A9-860D-AAA6391A5D48} = {920CA899-D4D0-4482-92FE-19AF8FD4ECB6}
		{0A8E974F-C20D-4A57-99F6-0CC31F7BECDD} = {E5107979-8A92-46DB-8C0E-084A17DC9B86}
		{137F016A-3539-475F-876A-D6A4EC3A1697} = {E5107979-8A92-46DB-8C0E-084A17DC9B86}
		{55A9B237-2B51-4008-8595-973A699673B1} = {E5107979-8A92-46DB-8C0E-084A17DC9B86}
		{34A61D71-E44F-4C13-B519-8C4EB1AE733F} = {0A8E974F-C20D-4A57-99F6-0CC31F7BECDD}
		{784C6E05-C45C-47AA-81F3-0C25480DB478} = {0A8E974F-C20D-4A57-99F6-0CC31F7BECDD}
		{3BC2606D-0534-4BF3-AB08-90F5B8AF5D7A} = {04EA0FD4-CAD0-4B01-B4E0-9DCD2B517822}
		{0C981FE5-169E-4F4E-A5CE-A880214CEB6B} = {3BC2606D-0534-4BF3-AB08-90F5B8AF5D7A}
		{BA3B5C5E-D6A4-39ED-6760-036CDB62E249} = {04EA0FD4-CAD0-4B01-B4E0-9DCD2B517822}
		{F7196916-9449-4C5E-98B9-42078FDAB06C} = {04EA0FD4-CAD0-4B01-B4E0-9DCD2B517822}
		{78796608-2DCF-48E5-8AEA-18A15C7FE63E} = {3BC2606D-0534-4BF3-AB08-90F5B8AF5D7A}
		{6EF7678A-A725-F430-3097-30F090C0100A} = {01B2AE4D-4F5D-4B5B-8E4D-810473B808B1}
		{010D0C11-D6A2-3CA6-3281-4E0FD547EC2D} = {01B2AE4D-4F5D-4B5B-8E4D-810473B808B1}
	EndGlobalSection
	GlobalSection(ExtensibilityGlobals) = postSolution
		SolutionGuid = {9578B4DF-3D44-4525-A845-4DDEA0661CA5}
	EndGlobalSection
EndGlobal
